// !$*UTF8*$!
{
	archiveVersion = 1;
	classes = {
	};
	objectVersion = 56;
	objects = {

/* Begin PBXBuildFile section */
		1C41BF78299CE6EB0061BCB2 /* JGProgressHUD in Frameworks */ = {isa = PBXBuildFile; productRef = 1C41BF77299CE6EB0061BCB2 /* JGProgressHUD */; };
		1C4E818A299CF44E007D3487 /* ContainerViewController.swift in Sources */ = {isa = PBXBuildFile; fileRef = 1C4E8189299CF44E007D3487 /* ContainerViewController.swift */; };
		1C4E818C299CF47D007D3487 /* MessageViewController.swift in Sources */ = {isa = PBXBuildFile; fileRef = 1C4E818B299CF47D007D3487 /* MessageViewController.swift */; };
		1C4E818E299CF4B1007D3487 /* NewMessageViewController.swift in Sources */ = {isa = PBXBuildFile; fileRef = 1C4E818D299CF4B1007D3487 /* NewMessageViewController.swift */; };
		1C72B4E1297823D8000B8C3F /* AppDelegate.swift in Sources */ = {isa = PBXBuildFile; fileRef = 1C72B4E0297823D8000B8C3F /* AppDelegate.swift */; };
		1C72B4E5297823D8000B8C3F /* LoginViewController.swift in Sources */ = {isa = PBXBuildFile; fileRef = 1C72B4E4297823D8000B8C3F /* LoginViewController.swift */; };
		1C72B4EA297823D9000B8C3F /* Assets.xcassets in Resources */ = {isa = PBXBuildFile; fileRef = 1C72B4E9297823D9000B8C3F /* Assets.xcassets */; };
		1C72B4ED297823D9000B8C3F /* LaunchScreen.storyboard in Resources */ = {isa = PBXBuildFile; fileRef = 1C72B4EB297823D9000B8C3F /* LaunchScreen.storyboard */; };
		1C72B4FE297829A0000B8C3F /* UIViewController+Ext.swift in Sources */ = {isa = PBXBuildFile; fileRef = 1C72B4FD297829A0000B8C3F /* UIViewController+Ext.swift */; };
		1C72B5002978304E000B8C3F /* AuthenticationInputView.swift in Sources */ = {isa = PBXBuildFile; fileRef = 1C72B4FF2978304E000B8C3F /* AuthenticationInputView.swift */; };
		1C72B50229783211000B8C3F /* CustomTextField.swift in Sources */ = {isa = PBXBuildFile; fileRef = 1C72B50129783211000B8C3F /* CustomTextField.swift */; };
		1C72B50629783B35000B8C3F /* LoginViewModel.swift in Sources */ = {isa = PBXBuildFile; fileRef = 1C72B50529783B35000B8C3F /* LoginViewModel.swift */; };
		1C927101298FADA5006EC41F /* RegisterViewController.swift in Sources */ = {isa = PBXBuildFile; fileRef = 1C927100298FADA5006EC41F /* RegisterViewController.swift */; };
		1C927103298FB8A7006EC41F /* RegisterViewModel.swift in Sources */ = {isa = PBXBuildFile; fileRef = 1C927102298FB8A7006EC41F /* RegisterViewModel.swift */; };
		1C927105298FC31A006EC41F /* GoogleService-Info.plist in Resources */ = {isa = PBXBuildFile; fileRef = 1C927104298FC31A006EC41F /* GoogleService-Info.plist */; };
		1C927108298FC3C5006EC41F /* FirebaseAuth in Frameworks */ = {isa = PBXBuildFile; productRef = 1C927107298FC3C5006EC41F /* FirebaseAuth */; };
		1C92710A298FC3C5006EC41F /* FirebaseFirestore in Frameworks */ = {isa = PBXBuildFile; productRef = 1C927109298FC3C5006EC41F /* FirebaseFirestore */; };
		1C92710C298FC3C5006EC41F /* FirebaseStorage in Frameworks */ = {isa = PBXBuildFile; productRef = 1C92710B298FC3C5006EC41F /* FirebaseStorage */; };
		1C92710E298FD91F006EC41F /* AuthenticationService.swift in Sources */ = {isa = PBXBuildFile; fileRef = 1C92710D298FD91F006EC41F /* AuthenticationService.swift */; };
		1C927110298FDC56006EC41F /* HomeViewController.swift in Sources */ = {isa = PBXBuildFile; fileRef = 1C92710F298FDC56006EC41F /* HomeViewController.swift */; };
/* End PBXBuildFile section */

/* Begin PBXFileReference section */
		1C4E8189299CF44E007D3487 /* ContainerViewController.swift */ = {isa = PBXFileReference; lastKnownFileType = sourcecode.swift; path = ContainerViewController.swift; sourceTree = "<group>"; };
		1C4E818B299CF47D007D3487 /* MessageViewController.swift */ = {isa = PBXFileReference; lastKnownFileType = sourcecode.swift; path = MessageViewController.swift; sourceTree = "<group>"; };
		1C4E818D299CF4B1007D3487 /* NewMessageViewController.swift */ = {isa = PBXFileReference; lastKnownFileType = sourcecode.swift; path = NewMessageViewController.swift; sourceTree = "<group>"; };
		1C72B4DD297823D8000B8C3F /* ChatApp.app */ = {isa = PBXFileReference; explicitFileType = wrapper.application; includeInIndex = 0; path = ChatApp.app; sourceTree = BUILT_PRODUCTS_DIR; };
		1C72B4E0297823D8000B8C3F /* AppDelegate.swift */ = {isa = PBXFileReference; lastKnownFileType = sourcecode.swift; path = AppDelegate.swift; sourceTree = "<group>"; };
		1C72B4E4297823D8000B8C3F /* LoginViewController.swift */ = {isa = PBXFileReference; lastKnownFileType = sourcecode.swift; path = LoginViewController.swift; sourceTree = "<group>"; };
		1C72B4E9297823D9000B8C3F /* Assets.xcassets */ = {isa = PBXFileReference; lastKnownFileType = folder.assetcatalog; path = Assets.xcassets; sourceTree = "<group>"; };
		1C72B4EC297823D9000B8C3F /* Base */ = {isa = PBXFileReference; lastKnownFileType = file.storyboard; name = Base; path = Base.lproj/LaunchScreen.storyboard; sourceTree = "<group>"; };
		1C72B4EE297823D9000B8C3F /* Info.plist */ = {isa = PBXFileReference; lastKnownFileType = text.plist.xml; path = Info.plist; sourceTree = "<group>"; };
		1C72B4FD297829A0000B8C3F /* UIViewController+Ext.swift */ = {isa = PBXFileReference; lastKnownFileType = sourcecode.swift; path = "UIViewController+Ext.swift"; sourceTree = "<group>"; };
		1C72B4FF2978304E000B8C3F /* AuthenticationInputView.swift */ = {isa = PBXFileReference; lastKnownFileType = sourcecode.swift; path = AuthenticationInputView.swift; sourceTree = "<group>"; };
		1C72B50129783211000B8C3F /* CustomTextField.swift */ = {isa = PBXFileReference; lastKnownFileType = sourcecode.swift; path = CustomTextField.swift; sourceTree = "<group>"; };
		1C72B50529783B35000B8C3F /* LoginViewModel.swift */ = {isa = PBXFileReference; lastKnownFileType = sourcecode.swift; path = LoginViewModel.swift; sourceTree = "<group>"; };
		1C927100298FADA5006EC41F /* RegisterViewController.swift */ = {isa = PBXFileReference; lastKnownFileType = sourcecode.swift; path = RegisterViewController.swift; sourceTree = "<group>"; };
		1C927102298FB8A7006EC41F /* RegisterViewModel.swift */ = {isa = PBXFileReference; lastKnownFileType = sourcecode.swift; path = RegisterViewModel.swift; sourceTree = "<group>"; };
		1C927104298FC31A006EC41F /* GoogleService-Info.plist */ = {isa = PBXFileReference; fileEncoding = 4; lastKnownFileType = text.plist.xml; path = "GoogleService-Info.plist"; sourceTree = "<group>"; };
		1C92710D298FD91F006EC41F /* AuthenticationService.swift */ = {isa = PBXFileReference; lastKnownFileType = sourcecode.swift; path = AuthenticationService.swift; sourceTree = "<group>"; };
		1C92710F298FDC56006EC41F /* HomeViewController.swift */ = {isa = PBXFileReference; lastKnownFileType = sourcecode.swift; path = HomeViewController.swift; sourceTree = "<group>"; };
/* End PBXFileReference section */

/* Begin PBXFrameworksBuildPhase section */
		1C72B4DA297823D8000B8C3F /* Frameworks */ = {
			isa = PBXFrameworksBuildPhase;
			buildActionMask = 2147483647;
			files = (
				1C41BF78299CE6EB0061BCB2 /* JGProgressHUD in Frameworks */,
				1C927108298FC3C5006EC41F /* FirebaseAuth in Frameworks */,
				1C92710A298FC3C5006EC41F /* FirebaseFirestore in Frameworks */,
				1C92710C298FC3C5006EC41F /* FirebaseStorage in Frameworks */,
			);
			runOnlyForDeploymentPostprocessing = 0;
		};
/* End PBXFrameworksBuildPhase section */

/* Begin PBXGroup section */
		1C72B4D4297823D8000B8C3F = {
			isa = PBXGroup;
			children = (
				1C72B4DF297823D8000B8C3F /* ChatApp */,
				1C72B4DE297823D8000B8C3F /* Products */,
			);
			sourceTree = "<group>";
		};
		1C72B4DE297823D8000B8C3F /* Products */ = {
			isa = PBXGroup;
			children = (
				1C72B4DD297823D8000B8C3F /* ChatApp.app */,
			);
			name = Products;
			sourceTree = "<group>";
		};
		1C72B4DF297823D8000B8C3F /* ChatApp */ = {
			isa = PBXGroup;
			children = (
				1C72B4FA297827DA000B8C3F /* Utils */,
				1C72B4F9297827CC000B8C3F /* Service */,
				1C72B4F6297827B0000B8C3F /* Model */,
				1C72B4F7297827B8000B8C3F /* View */,
				1C72B4F8297827C1000B8C3F /* ViewModel */,
				1C72B4F5297827A7000B8C3F /* Controller */,
				1C72B4F429782738000B8C3F /* Files */,
			);
			path = ChatApp;
			sourceTree = "<group>";
		};
		1C72B4F429782738000B8C3F /* Files */ = {
			isa = PBXGroup;
			children = (
				1C927104298FC31A006EC41F /* GoogleService-Info.plist */,
				1C72B4EE297823D9000B8C3F /* Info.plist */,
				1C72B4EB297823D9000B8C3F /* LaunchScreen.storyboard */,
				1C72B4E9297823D9000B8C3F /* Assets.xcassets */,
				1C72B4E0297823D8000B8C3F /* AppDelegate.swift */,
			);
			path = Files;
			sourceTree = "<group>";
		};
		1C72B4F5297827A7000B8C3F /* Controller */ = {
			isa = PBXGroup;
			children = (
				1C72B4E4297823D8000B8C3F /* LoginViewController.swift */,
				1C927100298FADA5006EC41F /* RegisterViewController.swift */,
				1C92710F298FDC56006EC41F /* HomeViewController.swift */,
				1C4E8189299CF44E007D3487 /* ContainerViewController.swift */,
				1C4E818B299CF47D007D3487 /* MessageViewController.swift */,
				1C4E818D299CF4B1007D3487 /* NewMessageViewController.swift */,
			);
			path = Controller;
			sourceTree = "<group>";
		};
		1C72B4F6297827B0000B8C3F /* Model */ = {
			isa = PBXGroup;
			children = (
			);
			path = Model;
			sourceTree = "<group>";
		};
		1C72B4F7297827B8000B8C3F /* View */ = {
			isa = PBXGroup;
			children = (
				1C72B4FF2978304E000B8C3F /* AuthenticationInputView.swift */,
				1C72B50129783211000B8C3F /* CustomTextField.swift */,
			);
			path = View;
			sourceTree = "<group>";
		};
		1C72B4F8297827C1000B8C3F /* ViewModel */ = {
			isa = PBXGroup;
			children = (
				1C72B50529783B35000B8C3F /* LoginViewModel.swift */,
				1C927102298FB8A7006EC41F /* RegisterViewModel.swift */,
			);
			path = ViewModel;
			sourceTree = "<group>";
		};
		1C72B4F9297827CC000B8C3F /* Service */ = {
			isa = PBXGroup;
			children = (
				1C92710D298FD91F006EC41F /* AuthenticationService.swift */,
			);
			path = Service;
			sourceTree = "<group>";
		};
		1C72B4FA297827DA000B8C3F /* Utils */ = {
			isa = PBXGroup;
			children = (
				1C72B4FD297829A0000B8C3F /* UIViewController+Ext.swift */,
			);
			path = Utils;
			sourceTree = "<group>";
		};
/* End PBXGroup section */

/* Begin PBXNativeTarget section */
		1C72B4DC297823D8000B8C3F /* ChatApp */ = {
			isa = PBXNativeTarget;
			buildConfigurationList = 1C72B4F1297823D9000B8C3F /* Build configuration list for PBXNativeTarget "ChatApp" */;
			buildPhases = (
				1C72B4D9297823D8000B8C3F /* Sources */,
				1C72B4DA297823D8000B8C3F /* Frameworks */,
				1C72B4DB297823D8000B8C3F /* Resources */,
			);
			buildRules = (
			);
			dependencies = (
			);
			name = ChatApp;
			packageProductDependencies = (
				1C927107298FC3C5006EC41F /* FirebaseAuth */,
				1C927109298FC3C5006EC41F /* FirebaseFirestore */,
				1C92710B298FC3C5006EC41F /* FirebaseStorage */,
				1C41BF77299CE6EB0061BCB2 /* JGProgressHUD */,
			);
			productName = ChatApp;
			productReference = 1C72B4DD297823D8000B8C3F /* ChatApp.app */;
			productType = "com.apple.product-type.application";
		};
/* End PBXNativeTarget section */

/* Begin PBXProject section */
		1C72B4D5297823D8000B8C3F /* Project object */ = {
			isa = PBXProject;
			attributes = {
				BuildIndependentTargetsInParallel = 1;
				LastSwiftUpdateCheck = 1420;
				LastUpgradeCheck = 1420;
				TargetAttributes = {
					1C72B4DC297823D8000B8C3F = {
						CreatedOnToolsVersion = 14.2;
					};
				};
			};
			buildConfigurationList = 1C72B4D8297823D8000B8C3F /* Build configuration list for PBXProject "ChatApp" */;
			compatibilityVersion = "Xcode 14.0";
			developmentRegion = en;
			hasScannedForEncodings = 0;
			knownRegions = (
				en,
				Base,
			);
			mainGroup = 1C72B4D4297823D8000B8C3F;
			packageReferences = (
				1C927106298FC3C5006EC41F /* XCRemoteSwiftPackageReference "firebase-ios-sdk" */,
				1C41BF76299CE6EB0061BCB2 /* XCRemoteSwiftPackageReference "JGProgressHUD" */,
			);
			productRefGroup = 1C72B4DE297823D8000B8C3F /* Products */;
			projectDirPath = "";
			projectRoot = "";
			targets = (
				1C72B4DC297823D8000B8C3F /* ChatApp */,
			);
		};
/* End PBXProject section */

/* Begin PBXResourcesBuildPhase section */
		1C72B4DB297823D8000B8C3F /* Resources */ = {
			isa = PBXResourcesBuildPhase;
			buildActionMask = 2147483647;
			files = (
				1C72B4ED297823D9000B8C3F /* LaunchScreen.storyboard in Resources */,
				1C72B4EA297823D9000B8C3F /* Assets.xcassets in Resources */,
				1C927105298FC31A006EC41F /* GoogleService-Info.plist in Resources */,
			);
			runOnlyForDeploymentPostprocessing = 0;
		};
/* End PBXResourcesBuildPhase section */

/* Begin PBXSourcesBuildPhase section */
		1C72B4D9297823D8000B8C3F /* Sources */ = {
			isa = PBXSourcesBuildPhase;
			buildActionMask = 2147483647;
			files = (
				1C72B4E5297823D8000B8C3F /* LoginViewController.swift in Sources */,
				1C72B4E1297823D8000B8C3F /* AppDelegate.swift in Sources */,
				1C927101298FADA5006EC41F /* RegisterViewController.swift in Sources */,
				1C4E818A299CF44E007D3487 /* ContainerViewController.swift in Sources */,
				1C92710E298FD91F006EC41F /* AuthenticationService.swift in Sources */,
				1C927103298FB8A7006EC41F /* RegisterViewModel.swift in Sources */,
				1C927110298FDC56006EC41F /* HomeViewController.swift in Sources */,
				1C72B50629783B35000B8C3F /* LoginViewModel.swift in Sources */,
				1C4E818E299CF4B1007D3487 /* NewMessageViewController.swift in Sources */,
				1C72B4FE297829A0000B8C3F /* UIViewController+Ext.swift in Sources */,
				1C72B5002978304E000B8C3F /* AuthenticationInputView.swift in Sources */,
				1C4E818C299CF47D007D3487 /* MessageViewController.swift in Sources */,
				1C72B50229783211000B8C3F /* CustomTextField.swift in Sources */,
			);
			runOnlyForDeploymentPostprocessing = 0;
		};
/* End PBXSourcesBuildPhase section */

/* Begin PBXVariantGroup section */
		1C72B4EB297823D9000B8C3F /* LaunchScreen.storyboard */ = {
			isa = PBXVariantGroup;
			children = (
				1C72B4EC297823D9000B8C3F /* Base */,
			);
			name = LaunchScreen.storyboard;
			sourceTree = "<group>";
		};
/* End PBXVariantGroup section */

/* Begin XCBuildConfiguration section */
		1C72B4EF297823D9000B8C3F /* Debug */ = {
			isa = XCBuildConfiguration;
			buildSettings = {
				ALWAYS_SEARCH_USER_PATHS = NO;
				CLANG_ANALYZER_NONNULL = YES;
				CLANG_ANALYZER_NUMBER_OBJECT_CONVERSION = YES_AGGRESSIVE;
				CLANG_CXX_LANGUAGE_STANDARD = "gnu++20";
				CLANG_ENABLE_MODULES = YES;
				CLANG_ENABLE_OBJC_ARC = YES;
				CLANG_ENABLE_OBJC_WEAK = YES;
				CLANG_WARN_BLOCK_CAPTURE_AUTORELEASING = YES;
				CLANG_WARN_BOOL_CONVERSION = YES;
				CLANG_WARN_COMMA = YES;
				CLANG_WARN_CONSTANT_CONVERSION = YES;
				CLANG_WARN_DEPRECATED_OBJC_IMPLEMENTATIONS = YES;
				CLANG_WARN_DIRECT_OBJC_ISA_USAGE = YES_ERROR;
				CLANG_WARN_DOCUMENTATION_COMMENTS = YES;
				CLANG_WARN_EMPTY_BODY = YES;
				CLANG_WARN_ENUM_CONVERSION = YES;
				CLANG_WARN_INFINITE_RECURSION = YES;
				CLANG_WARN_INT_CONVERSION = YES;
				CLANG_WARN_NON_LITERAL_NULL_CONVERSION = YES;
				CLANG_WARN_OBJC_IMPLICIT_RETAIN_SELF = YES;
				CLANG_WARN_OBJC_LITERAL_CONVERSION = YES;
				CLANG_WARN_OBJC_ROOT_CLASS = YES_ERROR;
				CLANG_WARN_QUOTED_INCLUDE_IN_FRAMEWORK_HEADER = YES;
				CLANG_WARN_RANGE_LOOP_ANALYSIS = YES;
				CLANG_WARN_STRICT_PROTOTYPES = YES;
				CLANG_WARN_SUSPICIOUS_MOVE = YES;
				CLANG_WARN_UNGUARDED_AVAILABILITY = YES_AGGRESSIVE;
				CLANG_WARN_UNREACHABLE_CODE = YES;
				CLANG_WARN__DUPLICATE_METHOD_MATCH = YES;
				COPY_PHASE_STRIP = NO;
				DEBUG_INFORMATION_FORMAT = dwarf;
				ENABLE_STRICT_OBJC_MSGSEND = YES;
				ENABLE_TESTABILITY = YES;
				GCC_C_LANGUAGE_STANDARD = gnu11;
				GCC_DYNAMIC_NO_PIC = NO;
				GCC_NO_COMMON_BLOCKS = YES;
				GCC_OPTIMIZATION_LEVEL = 0;
				GCC_PREPROCESSOR_DEFINITIONS = (
					"DEBUG=1",
					"$(inherited)",
				);
				GCC_WARN_64_TO_32_BIT_CONVERSION = YES;
				GCC_WARN_ABOUT_RETURN_TYPE = YES_ERROR;
				GCC_WARN_UNDECLARED_SELECTOR = YES;
				GCC_WARN_UNINITIALIZED_AUTOS = YES_AGGRESSIVE;
				GCC_WARN_UNUSED_FUNCTION = YES;
				GCC_WARN_UNUSED_VARIABLE = YES;
				IPHONEOS_DEPLOYMENT_TARGET = 16.2;
				MTL_ENABLE_DEBUG_INFO = INCLUDE_SOURCE;
				MTL_FAST_MATH = YES;
				ONLY_ACTIVE_ARCH = YES;
				SDKROOT = iphoneos;
				SWIFT_ACTIVE_COMPILATION_CONDITIONS = DEBUG;
				SWIFT_OPTIMIZATION_LEVEL = "-Onone";
			};
			name = Debug;
		};
		1C72B4F0297823D9000B8C3F /* Release */ = {
			isa = XCBuildConfiguration;
			buildSettings = {
				ALWAYS_SEARCH_USER_PATHS = NO;
				CLANG_ANALYZER_NONNULL = YES;
				CLANG_ANALYZER_NUMBER_OBJECT_CONVERSION = YES_AGGRESSIVE;
				CLANG_CXX_LANGUAGE_STANDARD = "gnu++20";
				CLANG_ENABLE_MODULES = YES;
				CLANG_ENABLE_OBJC_ARC = YES;
				CLANG_ENABLE_OBJC_WEAK = YES;
				CLANG_WARN_BLOCK_CAPTURE_AUTORELEASING = YES;
				CLANG_WARN_BOOL_CONVERSION = YES;
				CLANG_WARN_COMMA = YES;
				CLANG_WARN_CONSTANT_CONVERSION = YES;
				CLANG_WARN_DEPRECATED_OBJC_IMPLEMENTATIONS = YES;
				CLANG_WARN_DIRECT_OBJC_ISA_USAGE = YES_ERROR;
				CLANG_WARN_DOCUMENTATION_COMMENTS = YES;
				CLANG_WARN_EMPTY_BODY = YES;
				CLANG_WARN_ENUM_CONVERSION = YES;
				CLANG_WARN_INFINITE_RECURSION = YES;
				CLANG_WARN_INT_CONVERSION = YES;
				CLANG_WARN_NON_LITERAL_NULL_CONVERSION = YES;
				CLANG_WARN_OBJC_IMPLICIT_RETAIN_SELF = YES;
				CLANG_WARN_OBJC_LITERAL_CONVERSION = YES;
				CLANG_WARN_OBJC_ROOT_CLASS = YES_ERROR;
				CLANG_WARN_QUOTED_INCLUDE_IN_FRAMEWORK_HEADER = YES;
				CLANG_WARN_RANGE_LOOP_ANALYSIS = YES;
				CLANG_WARN_STRICT_PROTOTYPES = YES;
				CLANG_WARN_SUSPICIOUS_MOVE = YES;
				CLANG_WARN_UNGUARDED_AVAILABILITY = YES_AGGRESSIVE;
				CLANG_WARN_UNREACHABLE_CODE = YES;
				CLANG_WARN__DUPLICATE_METHOD_MATCH = YES;
				COPY_PHASE_STRIP = NO;
				DEBUG_INFORMATION_FORMAT = "dwarf-with-dsym";
				ENABLE_NS_ASSERTIONS = NO;
				ENABLE_STRICT_OBJC_MSGSEND = YES;
				GCC_C_LANGUAGE_STANDARD = gnu11;
				GCC_NO_COMMON_BLOCKS = YES;
				GCC_WARN_64_TO_32_BIT_CONVERSION = YES;
				GCC_WARN_ABOUT_RETURN_TYPE = YES_ERROR;
				GCC_WARN_UNDECLARED_SELECTOR = YES;
				GCC_WARN_UNINITIALIZED_AUTOS = YES_AGGRESSIVE;
				GCC_WARN_UNUSED_FUNCTION = YES;
				GCC_WARN_UNUSED_VARIABLE = YES;
				IPHONEOS_DEPLOYMENT_TARGET = 16.2;
				MTL_ENABLE_DEBUG_INFO = NO;
				MTL_FAST_MATH = YES;
				SDKROOT = iphoneos;
				SWIFT_COMPILATION_MODE = wholemodule;
				SWIFT_OPTIMIZATION_LEVEL = "-O";
				VALIDATE_PRODUCT = YES;
			};
			name = Release;
		};
		1C72B4F2297823D9000B8C3F /* Debug */ = {
			isa = XCBuildConfiguration;
			buildSettings = {
				ASSETCATALOG_COMPILER_APPICON_NAME = AppIcon;
				ASSETCATALOG_COMPILER_GLOBAL_ACCENT_COLOR_NAME = AccentColor;
				CODE_SIGN_STYLE = Automatic;
				CURRENT_PROJECT_VERSION = 1;
				DEVELOPMENT_TEAM = 54M6VWH583;
				GENERATE_INFOPLIST_FILE = YES;
				INFOPLIST_FILE = ChatApp/Files/Info.plist;
				INFOPLIST_KEY_UIApplicationSupportsIndirectInputEvents = YES;
				INFOPLIST_KEY_UILaunchStoryboardName = LaunchScreen;
				INFOPLIST_KEY_UISupportedInterfaceOrientations_iPad = "UIInterfaceOrientationPortrait UIInterfaceOrientationPortraitUpsideDown UIInterfaceOrientationLandscapeLeft UIInterfaceOrientationLandscapeRight";
				INFOPLIST_KEY_UISupportedInterfaceOrientations_iPhone = "UIInterfaceOrientationPortrait UIInterfaceOrientationLandscapeLeft UIInterfaceOrientationLandscapeRight";
				LD_RUNPATH_SEARCH_PATHS = (
					"$(inherited)",
					"@executable_path/Frameworks",
				);
				MARKETING_VERSION = 1.0;
				PRODUCT_BUNDLE_IDENTIFIER = ahmethakan.ChatApp;
				PRODUCT_NAME = "$(TARGET_NAME)";
				SWIFT_EMIT_LOC_STRINGS = YES;
				SWIFT_VERSION = 5.0;
				TARGETED_DEVICE_FAMILY = "1,2";
			};
			name = Debug;
		};
		1C72B4F3297823D9000B8C3F /* Release */ = {
			isa = XCBuildConfiguration;
			buildSettings = {
				ASSETCATALOG_COMPILER_APPICON_NAME = AppIcon;
				ASSETCATALOG_COMPILER_GLOBAL_ACCENT_COLOR_NAME = AccentColor;
				CODE_SIGN_STYLE = Automatic;
				CURRENT_PROJECT_VERSION = 1;
				DEVELOPMENT_TEAM = 54M6VWH583;
				GENERATE_INFOPLIST_FILE = YES;
				INFOPLIST_FILE = ChatApp/Files/Info.plist;
				INFOPLIST_KEY_UIApplicationSupportsIndirectInputEvents = YES;
				INFOPLIST_KEY_UILaunchStoryboardName = LaunchScreen;
				INFOPLIST_KEY_UISupportedInterfaceOrientations_iPad = "UIInterfaceOrientationPortrait UIInterfaceOrientationPortraitUpsideDown UIInterfaceOrientationLandscapeLeft UIInterfaceOrientationLandscapeRight";
				INFOPLIST_KEY_UISupportedInterfaceOrientations_iPhone = "UIInterfaceOrientationPortrait UIInterfaceOrientationLandscapeLeft UIInterfaceOrientationLandscapeRight";
				LD_RUNPATH_SEARCH_PATHS = (
					"$(inherited)",
					"@executable_path/Frameworks",
				);
				MARKETING_VERSION = 1.0;
				PRODUCT_BUNDLE_IDENTIFIER = ahmethakan.ChatApp;
				PRODUCT_NAME = "$(TARGET_NAME)";
				SWIFT_EMIT_LOC_STRINGS = YES;
				SWIFT_VERSION = 5.0;
				TARGETED_DEVICE_FAMILY = "1,2";
			};
			name = Release;
		};
/* End XCBuildConfiguration section */

/* Begin XCConfigurationList section */
		1C72B4D8297823D8000B8C3F /* Build configuration list for PBXProject "ChatApp" */ = {
			isa = XCConfigurationList;
			buildConfigurations = (
				1C72B4EF297823D9000B8C3F /* Debug */,
				1C72B4F0297823D9000B8C3F /* Release */,
			);
			defaultConfigurationIsVisible = 0;
			defaultConfigurationName = Release;
		};
		1C72B4F1297823D9000B8C3F /* Build configuration list for PBXNativeTarget "ChatApp" */ = {
			isa = XCConfigurationList;
			buildConfigurations = (
				1C72B4F2297823D9000B8C3F /* Debug */,
				1C72B4F3297823D9000B8C3F /* Release */,
			);
			defaultConfigurationIsVisible = 0;
			defaultConfigurationName = Release;
		};
/* End XCConfigurationList section */

/* Begin XCRemoteSwiftPackageReference section */
		1C41BF76299CE6EB0061BCB2 /* XCRemoteSwiftPackageReference "JGProgressHUD" */ = {
			isa = XCRemoteSwiftPackageReference;
			repositoryURL = "https://github.com/JonasGessner/JGProgressHUD.git";
			requirement = {
				branch = master;
				kind = branch;
			};
		};
		1C927106298FC3C5006EC41F /* XCRemoteSwiftPackageReference "firebase-ios-sdk" */ = {
			isa = XCRemoteSwiftPackageReference;
			repositoryURL = "https://github.com/firebase/firebase-ios-sdk.git";
			requirement = {
				branch = master;
				kind = branch;
			};
		};
/* End XCRemoteSwiftPackageReference section */

/* Begin XCSwiftPackageProductDependency section */
		1C41BF77299CE6EB0061BCB2 /* JGProgressHUD */ = {
			isa = XCSwiftPackageProductDependency;
			package = 1C41BF76299CE6EB0061BCB2 /* XCRemoteSwiftPackageReference "JGProgressHUD" */;
			productName = JGProgressHUD;
		};
		1C927107298FC3C5006EC41F /* FirebaseAuth */ = {
			isa = XCSwiftPackageProductDependency;
			package = 1C927106298FC3C5006EC41F /* XCRemoteSwiftPackageReference "firebase-ios-sdk" */;
			productName = FirebaseAuth;
		};
		1C927109298FC3C5006EC41F /* FirebaseFirestore */ = {
			isa = XCSwiftPackageProductDependency;
			package = 1C927106298FC3C5006EC41F /* XCRemoteSwiftPackageReference "firebase-ios-sdk" */;
			productName = FirebaseFirestore;
		};
		1C92710B298FC3C5006EC41F /* FirebaseStorage */ = {
			isa = XCSwiftPackageProductDependency;
			package = 1C927106298FC3C5006EC41F /* XCRemoteSwiftPackageReference "firebase-ios-sdk" */;
			productName = FirebaseStorage;
		};
/* End XCSwiftPackageProductDependency section */
	};
	rootObject = 1C72B4D5297823D8000B8C3F /* Project object */;
}
